Microsoft Visual Studio Solution File, Format Version 9.00
# SharpDevelop 2.0.0.1591
Project("{FAE04EC0-301F-11D3-BF4B-00C04F79EFBC}") = "Threading", "Threading.csproj", "{FD31875D-2AAD-4F2C-AFD0-06EABFB23AEC}"
EndProject
Global
	GlobalSection(SolutionConfigurationPlatforms) = preSolution
		Debug|Any CPU = Debug|Any CPU
		Release|Any CPU = Release|Any CPU
	EndGlobalSection
	GlobalSection(ProjectConfigurationPlatforms) = postSolution
		{FD31875D-2AAD-4F2C-AFD0-06EABFB23AEC}.Debug|Any CPU.Build.0 = Debug|Any CPU
		{FD31875D-2AAD-4F2C-AFD0-06EABFB23AEC}.Debug|Any CPU.ActiveCfg = Debug|Any CPU
		{FD31875D-2AAD-4F2C-AFD0-06EABFB23AEC}.Release|Any CPU.Build.0 = Release|Any CPU
		{FD31875D-2AAD-4F2C-AFD0-06EABFB23AEC}.Release|Any CPU.ActiveCfg = Release|Any CPU
	EndGlobalSection
EndGlobal
