Microsoft Visual Studio Solution File, Format Version 9.00
# SharpDevelop 2.0.0.1591
Project("{FAE04EC0-301F-11D3-BF4B-00C04F79EFBC}") = "Visitenkarte", "Visitenkarte.csproj", "{608F3860-C73B-4A66-91FA-395213BBF2EE}"
EndProject
Global
	GlobalSection(SolutionConfigurationPlatforms) = preSolution
		Debug|Any CPU = Debug|Any CPU
		Release|Any CPU = Release|Any CPU
	EndGlobalSection
	GlobalSection(ProjectConfigurationPlatforms) = postSolution
		{608F3860-C73B-4A66-91FA-395213BBF2EE}.Debug|Any CPU.Build.0 = Debug|Any CPU
		{608F3860-C73B-4A66-91FA-395213BBF2EE}.Debug|Any CPU.ActiveCfg = Debug|Any CPU
		{608F3860-C73B-4A66-91FA-395213BBF2EE}.Release|Any CPU.Build.0 = Release|Any CPU
		{608F3860-C73B-4A66-91FA-395213BBF2EE}.Release|Any CPU.ActiveCfg = Release|Any CPU
	EndGlobalSection
EndGlobal
